dependencies:
- name: storefront
  repository: file://../storefront
  version: 0.1.0
- name: dashboard
  repository: file://../dashboard
  version: 0.1.0
- name: postgresql
  repository: https://charts.bitnami.com/bitnami
  version: ^8.10.5
- name: redis
  repository: https://charts.bitnami.com/bitnami
  version: ^10.7.1
digest: sha256:654342cb351513e3f4442821427351896de77d4b2e382a2346a750be3ac0d66c
generated: "2020-06-13T19:49:46.493173-04:00"
